
Microsoft Visual Studio Solution File, Format Version 12.00
# Visual Studio Version 17
VisualStudioVersion = 17.0.31903.59
MinimumVisualStudioVersion = 10.0.40219.1
Project("{2150E333-8FDC-42A3-9474-1A3956D46DE8}") = "src", "src", "{74CBE232-7F44-43DC-8FB3-A83909389D08}"
EndProject
Project("{FAE04EC0-301F-11D3-BF4B-00C04F79EFBC}") = "Luxelle.Domain", "src\Luxelle.Domain\Luxelle.Domain.csproj", "{2BE391D8-E0F2-4AB7-A2F5-A4A82BB8AD7A}"
EndProject
Project("{FAE04EC0-301F-11D3-BF4B-00C04F79EFBC}") = "Luxelle.Application", "src\Luxelle.Application\Luxelle.Application.csproj", "{D16ED37A-78E5-431B-8C22-F43FA73A6F57}"
EndProject
Project("{FAE04EC0-301F-11D3-BF4B-00C04F79EFBC}") = "Luxelle.Infrastructure", "src\Luxelle.Infrastructure\Luxelle.Infrastructure.csproj", "{ABA33F11-179B-46BB-8AA4-71D960D1EC44}"
EndProject
Project("{FAE04EC0-301F-11D3-BF4B-00C04F79EFBC}") = "Luxelle.API", "src\Luxelle.API\Luxelle.API.csproj", "{53325895-E69E-4B0A-8399-3CE658D9C9C7}"
EndProject
Global
	GlobalSection(SolutionConfigurationPlatforms) = preSolution
		Debug|Any CPU = Debug|Any CPU
		Release|Any CPU = Release|Any CPU
	EndGlobalSection
	GlobalSection(SolutionProperties) = preSolution
		HideSolutionNode = FALSE
	EndGlobalSection
	GlobalSection(ProjectConfigurationPlatforms) = postSolution
		{2BE391D8-E0F2-4AB7-A2F5-A4A82BB8AD7A}.Debug|Any CPU.ActiveCfg = Debug|Any CPU
		{2BE391D8-E0F2-4AB7-A2F5-A4A82BB8AD7A}.Debug|Any CPU.Build.0 = Debug|Any CPU
		{2BE391D8-E0F2-4AB7-A2F5-A4A82BB8AD7A}.Release|Any CPU.ActiveCfg = Release|Any CPU
		{2BE391D8-E0F2-4AB7-A2F5-A4A82BB8AD7A}.Release|Any CPU.Build.0 = Release|Any CPU
		{D16ED37A-78E5-431B-8C22-F43FA73A6F57}.Debug|Any CPU.ActiveCfg = Debug|Any CPU
		{D16ED37A-78E5-431B-8C22-F43FA73A6F57}.Debug|Any CPU.Build.0 = Debug|Any CPU
		{D16ED37A-78E5-431B-8C22-F43FA73A6F57}.Release|Any CPU.ActiveCfg = Release|Any CPU
		{D16ED37A-78E5-431B-8C22-F43FA73A6F57}.Release|Any CPU.Build.0 = Release|Any CPU
		{ABA33F11-179B-46BB-8AA4-71D960D1EC44}.Debug|Any CPU.ActiveCfg = Debug|Any CPU
		{ABA33F11-179B-46BB-8AA4-71D960D1EC44}.Debug|Any CPU.Build.0 = Debug|Any CPU
		{ABA33F11-179B-46BB-8AA4-71D960D1EC44}.Release|Any CPU.ActiveCfg = Release|Any CPU
		{ABA33F11-179B-46BB-8AA4-71D960D1EC44}.Release|Any CPU.Build.0 = Release|Any CPU
		{53325895-E69E-4B0A-8399-3CE658D9C9C7}.Debug|Any CPU.ActiveCfg = Debug|Any CPU
		{53325895-E69E-4B0A-8399-3CE658D9C9C7}.Debug|Any CPU.Build.0 = Debug|Any CPU
		{53325895-E69E-4B0A-8399-3CE658D9C9C7}.Release|Any CPU.ActiveCfg = Release|Any CPU
		{53325895-E69E-4B0A-8399-3CE658D9C9C7}.Release|Any CPU.Build.0 = Release|Any CPU
	EndGlobalSection
	GlobalSection(NestedProjects) = preSolution
		{2BE391D8-E0F2-4AB7-A2F5-A4A82BB8AD7A} = {74CBE232-7F44-43DC-8FB3-A83909389D08}
		{D16ED37A-78E5-431B-8C22-F43FA73A6F57} = {74CBE232-7F44-43DC-8FB3-A83909389D08}
		{ABA33F11-179B-46BB-8AA4-71D960D1EC44} = {74CBE232-7F44-43DC-8FB3-A83909389D08}
		{53325895-E69E-4B0A-8399-3CE658D9C9C7} = {74CBE232-7F44-43DC-8FB3-A83909389D08}
	EndGlobalSection
EndGlobal
